// !$*UTF8*$!
{
	archiveVersion = 1;
	classes = {
	};
	objectVersion = 46;
	objects = {

/* Begin PBXBuildFile section */
		49DE50DD7D95A3A654264F7A /* Pods_Jouzu.framework in Frameworks */ = {isa = PBXBuildFile; fileRef = BCBB9FF0B97E04560AC51D30 /* Pods_Jouzu.framework */; settings = {ATTRIBUTES = (Weak, ); }; };
		8E2A36251AC74DBF002220C0 /* FlashCardDeckModel.swift in Sources */ = {isa = PBXBuildFile; fileRef = 8E2A36241AC74DBF002220C0 /* FlashCardDeckModel.swift */; };
		8E2A36271AC74EB3002220C0 /* FlashCardModelTests.swift in Sources */ = {isa = PBXBuildFile; fileRef = 8E2A36261AC74EB3002220C0 /* FlashCardModelTests.swift */; };
		8E4670C31AC9184600DD1E5F /* FlashCardGameModel.swift in Sources */ = {isa = PBXBuildFile; fileRef = 8E4670C21AC9184600DD1E5F /* FlashCardGameModel.swift */; };
		8E4670C51AC91ABF00DD1E5F /* FlashCardGameModelTests.swift in Sources */ = {isa = PBXBuildFile; fileRef = 8E4670C41AC91ABF00DD1E5F /* FlashCardGameModelTests.swift */; };
		8E59157B1ACDE55B0056BB20 /* FlashCardDatabaseManager.swift in Sources */ = {isa = PBXBuildFile; fileRef = 8E59157A1ACDE55B0056BB20 /* FlashCardDatabaseManager.swift */; };
		8E7FDC601AC73AEA004490C3 /* AppDelegate.swift in Sources */ = {isa = PBXBuildFile; fileRef = 8E7FDC5F1AC73AEA004490C3 /* AppDelegate.swift */; };
		8E7FDC621AC73AEA004490C3 /* ViewController.swift in Sources */ = {isa = PBXBuildFile; fileRef = 8E7FDC611AC73AEA004490C3 /* ViewController.swift */; };
		8E7FDC651AC73AEA004490C3 /* Main.storyboard in Resources */ = {isa = PBXBuildFile; fileRef = 8E7FDC631AC73AEA004490C3 /* Main.storyboard */; };
		8E7FDC671AC73AEA004490C3 /* Images.xcassets in Resources */ = {isa = PBXBuildFile; fileRef = 8E7FDC661AC73AEA004490C3 /* Images.xcassets */; };
		8E7FDC6A1AC73AEA004490C3 /* LaunchScreen.xib in Resources */ = {isa = PBXBuildFile; fileRef = 8E7FDC681AC73AEA004490C3 /* LaunchScreen.xib */; };
		8E7FDC761AC73AEA004490C3 /* JouzuTests.swift in Sources */ = {isa = PBXBuildFile; fileRef = 8E7FDC751AC73AEA004490C3 /* JouzuTests.swift */; };
		8E7FDC821AC73B14004490C3 /* FlashCardModel.swift in Sources */ = {isa = PBXBuildFile; fileRef = 8E7FDC811AC73B14004490C3 /* FlashCardModel.swift */; };
		A3DEF8FC882B9B62B89AC910 /* Pods_JouzuTests.framework in Frameworks */ = {isa = PBXBuildFile; fileRef = 5B2578C0DED4BDED4D342D57 /* Pods_JouzuTests.framework */; settings = {ATTRIBUTES = (Weak, ); }; };
/* End PBXBuildFile section */

/* Begin PBXContainerItemProxy section */
		8E7FDC701AC73AEA004490C3 /* PBXContainerItemProxy */ = {
			isa = PBXContainerItemProxy;
			containerPortal = 8E7FDC521AC73AEA004490C3 /* Project object */;
			proxyType = 1;
			remoteGlobalIDString = 8E7FDC591AC73AEA004490C3;
			remoteInfo = Jouzu;
		};
/* End PBXContainerItemProxy section */

/* Begin PBXFileReference section */
		12780E16F3718B3D46E9ED97 /* Pods-JouzuTests.debug.xcconfig */ = {isa = PBXFileReference; includeInIndex = 1; lastKnownFileType = text.xcconfig; name = "Pods-JouzuTests.debug.xcconfig"; path = "Pods/Target Support Files/Pods-JouzuTests/Pods-JouzuTests.debug.xcconfig"; sourceTree = "<group>"; };
		31613AD553D9164679348F7F /* Pods-JouzuTests.release.xcconfig */ = {isa = PBXFileReference; includeInIndex = 1; lastKnownFileType = text.xcconfig; name = "Pods-JouzuTests.release.xcconfig"; path = "Pods/Target Support Files/Pods-JouzuTests/Pods-JouzuTests.release.xcconfig"; sourceTree = "<group>"; };
		5B2578C0DED4BDED4D342D57 /* Pods_JouzuTests.framework */ = {isa = PBXFileReference; explicitFileType = wrapper.framework; includeInIndex = 0; path = Pods_JouzuTests.framework; sourceTree = BUILT_PRODUCTS_DIR; };
		81A78FE42522ECF16EBE12CF /* Pods-Jouzu.debug.xcconfig */ = {isa = PBXFileReference; includeInIndex = 1; lastKnownFileType = text.xcconfig; name = "Pods-Jouzu.debug.xcconfig"; path = "Pods/Target Support Files/Pods-Jouzu/Pods-Jouzu.debug.xcconfig"; sourceTree = "<group>"; };
		8E186CF51AD650B500F9B232 /* japanese.sqlite */ = {isa = PBXFileReference; lastKnownFileType = file; name = japanese.sqlite; path = db/japanese.sqlite; sourceTree = "<group>"; };
		8E2A36241AC74DBF002220C0 /* FlashCardDeckModel.swift */ = {isa = PBXFileReference; fileEncoding = 4; lastKnownFileType = sourcecode.swift; path = FlashCardDeckModel.swift; sourceTree = "<group>"; };
		8E2A36261AC74EB3002220C0 /* FlashCardModelTests.swift */ = {isa = PBXFileReference; fileEncoding = 4; lastKnownFileType = sourcecode.swift; path = FlashCardModelTests.swift; sourceTree = "<group>"; };
		8E4670C21AC9184600DD1E5F /* FlashCardGameModel.swift */ = {isa = PBXFileReference; fileEncoding = 4; lastKnownFileType = sourcecode.swift; path = FlashCardGameModel.swift; sourceTree = "<group>"; };
		8E4670C41AC91ABF00DD1E5F /* FlashCardGameModelTests.swift */ = {isa = PBXFileReference; fileEncoding = 4; lastKnownFileType = sourcecode.swift; path = FlashCardGameModelTests.swift; sourceTree = "<group>"; };
		8E59157A1ACDE55B0056BB20 /* FlashCardDatabaseManager.swift */ = {isa = PBXFileReference; fileEncoding = 4; lastKnownFileType = sourcecode.swift; path = FlashCardDatabaseManager.swift; sourceTree = "<group>"; };
		8E7FDC5A1AC73AEA004490C3 /* Jouzu.app */ = {isa = PBXFileReference; explicitFileType = wrapper.application; includeInIndex = 0; path = Jouzu.app; sourceTree = BUILT_PRODUCTS_DIR; };
		8E7FDC5E1AC73AEA004490C3 /* Info.plist */ = {isa = PBXFileReference; lastKnownFileType = text.plist.xml; path = Info.plist; sourceTree = "<group>"; };
		8E7FDC5F1AC73AEA004490C3 /* AppDelegate.swift */ = {isa = PBXFileReference; lastKnownFileType = sourcecode.swift; path = AppDelegate.swift; sourceTree = "<group>"; };
		8E7FDC611AC73AEA004490C3 /* ViewController.swift */ = {isa = PBXFileReference; lastKnownFileType = sourcecode.swift; path = ViewController.swift; sourceTree = "<group>"; };
		8E7FDC641AC73AEA004490C3 /* Base */ = {isa = PBXFileReference; lastKnownFileType = file.storyboard; name = Base; path = Base.lproj/Main.storyboard; sourceTree = "<group>"; };
		8E7FDC661AC73AEA004490C3 /* Images.xcassets */ = {isa = PBXFileReference; lastKnownFileType = folder.assetcatalog; path = Images.xcassets; sourceTree = "<group>"; };
		8E7FDC691AC73AEA004490C3 /* Base */ = {isa = PBXFileReference; lastKnownFileType = file.xib; name = Base; path = Base.lproj/LaunchScreen.xib; sourceTree = "<group>"; };
		8E7FDC6F1AC73AEA004490C3 /* JouzuTests.xctest */ = {isa = PBXFileReference; explicitFileType = wrapper.cfbundle; includeInIndex = 0; path = JouzuTests.xctest; sourceTree = BUILT_PRODUCTS_DIR; };
		8E7FDC741AC73AEA004490C3 /* Info.plist */ = {isa = PBXFileReference; lastKnownFileType = text.plist.xml; path = Info.plist; sourceTree = "<group>"; };
		8E7FDC751AC73AEA004490C3 /* JouzuTests.swift */ = {isa = PBXFileReference; lastKnownFileType = sourcecode.swift; path = JouzuTests.swift; sourceTree = "<group>"; };
		8E7FDC811AC73B14004490C3 /* FlashCardModel.swift */ = {isa = PBXFileReference; fileEncoding = 4; lastKnownFileType = sourcecode.swift; path = FlashCardModel.swift; sourceTree = "<group>"; };
		8EFB5A861ACDB0C00017F23E /* Jouzu-Bridging-Header.h */ = {isa = PBXFileReference; lastKnownFileType = sourcecode.c.h; path = "Jouzu-Bridging-Header.h"; sourceTree = "<group>"; };
		BCBB9FF0B97E04560AC51D30 /* Pods_Jouzu.framework */ = {isa = PBXFileReference; explicitFileType = wrapper.framework; includeInIndex = 0; path = Pods_Jouzu.framework; sourceTree = BUILT_PRODUCTS_DIR; };
		C8590EFC719BB53AD01D5B17 /* Pods-Jouzu.release.xcconfig */ = {isa = PBXFileReference; includeInIndex = 1; lastKnownFileType = text.xcconfig; name = "Pods-Jouzu.release.xcconfig"; path = "Pods/Target Support Files/Pods-Jouzu/Pods-Jouzu.release.xcconfig"; sourceTree = "<group>"; };
/* End PBXFileReference section */

/* Begin PBXFrameworksBuildPhase section */
		8E7FDC571AC73AEA004490C3 /* Frameworks */ = {
			isa = PBXFrameworksBuildPhase;
			buildActionMask = 2147483647;
			files = (
				49DE50DD7D95A3A654264F7A /* Pods_Jouzu.framework in Frameworks */,
			);
			runOnlyForDeploymentPostprocessing = 0;
		};
		8E7FDC6C1AC73AEA004490C3 /* Frameworks */ = {
			isa = PBXFrameworksBuildPhase;
			buildActionMask = 2147483647;
			files = (
				A3DEF8FC882B9B62B89AC910 /* Pods_JouzuTests.framework in Frameworks */,
			);
			runOnlyForDeploymentPostprocessing = 0;
		};
/* End PBXFrameworksBuildPhase section */

/* Begin PBXGroup section */
		8E5915791ACDDE470056BB20 /* db */ = {
			isa = PBXGroup;
			children = (
				8E186CF51AD650B500F9B232 /* japanese.sqlite */,
			);
			name = db;
			sourceTree = "<group>";
		};
		8E7FDC511AC73AEA004490C3 = {
			isa = PBXGroup;
			children = (
				8EFB5A861ACDB0C00017F23E /* Jouzu-Bridging-Header.h */,
				8E5915791ACDDE470056BB20 /* db */,
				8E7FDC5C1AC73AEA004490C3 /* Jouzu */,
				8E7FDC721AC73AEA004490C3 /* JouzuTests */,
				8E7FDC5B1AC73AEA004490C3 /* Products */,
				E50C3ABADFD88B6891DC7946 /* Pods */,
				ACC3BE2987B6F4D77B59E9F6 /* Frameworks */,
			);
			sourceTree = "<group>";
		};
		8E7FDC5B1AC73AEA004490C3 /* Products */ = {
			isa = PBXGroup;
			children = (
				8E7FDC5A1AC73AEA004490C3 /* Jouzu.app */,
				8E7FDC6F1AC73AEA004490C3 /* JouzuTests.xctest */,
			);
			name = Products;
			sourceTree = "<group>";
		};
		8E7FDC5C1AC73AEA004490C3 /* Jouzu */ = {
			isa = PBXGroup;
			children = (
				8E7FDC5F1AC73AEA004490C3 /* AppDelegate.swift */,
				8E7FDC811AC73B14004490C3 /* FlashCardModel.swift */,
				8E4670C21AC9184600DD1E5F /* FlashCardGameModel.swift */,
				8E59157A1ACDE55B0056BB20 /* FlashCardDatabaseManager.swift */,
				8E2A36241AC74DBF002220C0 /* FlashCardDeckModel.swift */,
				8E7FDC611AC73AEA004490C3 /* ViewController.swift */,
				8E7FDC631AC73AEA004490C3 /* Main.storyboard */,
				8E7FDC661AC73AEA004490C3 /* Images.xcassets */,
				8E7FDC681AC73AEA004490C3 /* LaunchScreen.xib */,
				8E7FDC5D1AC73AEA004490C3 /* Supporting Files */,
			);
			path = Jouzu;
			sourceTree = "<group>";
		};
		8E7FDC5D1AC73AEA004490C3 /* Supporting Files */ = {
			isa = PBXGroup;
			children = (
				8E7FDC5E1AC73AEA004490C3 /* Info.plist */,
			);
			name = "Supporting Files";
			sourceTree = "<group>";
		};
		8E7FDC721AC73AEA004490C3 /* JouzuTests */ = {
			isa = PBXGroup;
			children = (
				8E4670C41AC91ABF00DD1E5F /* FlashCardGameModelTests.swift */,
				8E2A36261AC74EB3002220C0 /* FlashCardModelTests.swift */,
				8E7FDC751AC73AEA004490C3 /* JouzuTests.swift */,
				8E7FDC731AC73AEA004490C3 /* Supporting Files */,
			);
			path = JouzuTests;
			sourceTree = "<group>";
		};
		8E7FDC731AC73AEA004490C3 /* Supporting Files */ = {
			isa = PBXGroup;
			children = (
				8E7FDC741AC73AEA004490C3 /* Info.plist */,
			);
			name = "Supporting Files";
			sourceTree = "<group>";
		};
		ACC3BE2987B6F4D77B59E9F6 /* Frameworks */ = {
			isa = PBXGroup;
			children = (
				BCBB9FF0B97E04560AC51D30 /* Pods_Jouzu.framework */,
				5B2578C0DED4BDED4D342D57 /* Pods_JouzuTests.framework */,
			);
			name = Frameworks;
			sourceTree = "<group>";
		};
		E50C3ABADFD88B6891DC7946 /* Pods */ = {
			isa = PBXGroup;
			children = (
				81A78FE42522ECF16EBE12CF /* Pods-Jouzu.debug.xcconfig */,
				C8590EFC719BB53AD01D5B17 /* Pods-Jouzu.release.xcconfig */,
				12780E16F3718B3D46E9ED97 /* Pods-JouzuTests.debug.xcconfig */,
				31613AD553D9164679348F7F /* Pods-JouzuTests.release.xcconfig */,
			);
			name = Pods;
			sourceTree = "<group>";
		};
/* End PBXGroup section */

/* Begin PBXNativeTarget section */
		8E7FDC591AC73AEA004490C3 /* Jouzu */ = {
			isa = PBXNativeTarget;
			buildConfigurationList = 8E7FDC791AC73AEA004490C3 /* Build configuration list for PBXNativeTarget "Jouzu" */;
			buildPhases = (
				3CCFE8EF818457D6BA2BE740 /* Check Pods Manifest.lock */,
				8E7FDC561AC73AEA004490C3 /* Sources */,
				8E7FDC571AC73AEA004490C3 /* Frameworks */,
				8E7FDC581AC73AEA004490C3 /* Resources */,
				8CB51329B33711741098A6ED /* Embed Pods Frameworks */,
				D8C3161A0789A19B80A6DD18 /* Copy Pods Resources */,
			);
			buildRules = (
			);
			dependencies = (
			);
			name = Jouzu;
			productName = Jouzu;
			productReference = 8E7FDC5A1AC73AEA004490C3 /* Jouzu.app */;
			productType = "com.apple.product-type.application";
		};
		8E7FDC6E1AC73AEA004490C3 /* JouzuTests */ = {
			isa = PBXNativeTarget;
			buildConfigurationList = 8E7FDC7C1AC73AEA004490C3 /* Build configuration list for PBXNativeTarget "JouzuTests" */;
			buildPhases = (
				E5EB8F387C84D78FD0E0D0E2 /* Check Pods Manifest.lock */,
				8E7FDC6B1AC73AEA004490C3 /* Sources */,
				8E7FDC6C1AC73AEA004490C3 /* Frameworks */,
				8E7FDC6D1AC73AEA004490C3 /* Resources */,
				60342513597BB3AE3BF7E963 /* Embed Pods Frameworks */,
				F7C096BAAD50060A4295EFE0 /* Copy Pods Resources */,
			);
			buildRules = (
			);
			dependencies = (
				8E7FDC711AC73AEA004490C3 /* PBXTargetDependency */,
			);
			name = JouzuTests;
			productName = JouzuTests;
			productReference = 8E7FDC6F1AC73AEA004490C3 /* JouzuTests.xctest */;
			productType = "com.apple.product-type.bundle.unit-test";
		};
/* End PBXNativeTarget section */

/* Begin PBXProject section */
		8E7FDC521AC73AEA004490C3 /* Project object */ = {
			isa = PBXProject;
			attributes = {
				LastUpgradeCheck = 0620;
				ORGANIZATIONNAME = "Johann Diedrick";
				TargetAttributes = {
					8E7FDC591AC73AEA004490C3 = {
						CreatedOnToolsVersion = 6.2;
					};
					8E7FDC6E1AC73AEA004490C3 = {
						CreatedOnToolsVersion = 6.2;
						TestTargetID = 8E7FDC591AC73AEA004490C3;
					};
				};
			};
			buildConfigurationList = 8E7FDC551AC73AEA004490C3 /* Build configuration list for PBXProject "Jouzu" */;
			compatibilityVersion = "Xcode 3.2";
			developmentRegion = English;
			hasScannedForEncodings = 0;
			knownRegions = (
				en,
				Base,
			);
			mainGroup = 8E7FDC511AC73AEA004490C3;
			productRefGroup = 8E7FDC5B1AC73AEA004490C3 /* Products */;
			projectDirPath = "";
			projectRoot = "";
			targets = (
				8E7FDC591AC73AEA004490C3 /* Jouzu */,
				8E7FDC6E1AC73AEA004490C3 /* JouzuTests */,
			);
		};
/* End PBXProject section */

/* Begin PBXResourcesBuildPhase section */
		8E7FDC581AC73AEA004490C3 /* Resources */ = {
			isa = PBXResourcesBuildPhase;
			buildActionMask = 2147483647;
			files = (
				8E7FDC651AC73AEA004490C3 /* Main.storyboard in Resources */,
				8E7FDC6A1AC73AEA004490C3 /* LaunchScreen.xib in Resources */,
				8E7FDC671AC73AEA004490C3 /* Images.xcassets in Resources */,
			);
			runOnlyForDeploymentPostprocessing = 0;
		};
		8E7FDC6D1AC73AEA004490C3 /* Resources */ = {
			isa = PBXResourcesBuildPhase;
			buildActionMask = 2147483647;
			files = (
			);
			runOnlyForDeploymentPostprocessing = 0;
		};
/* End PBXResourcesBuildPhase section */

/* Begin PBXShellScriptBuildPhase section */
		3CCFE8EF818457D6BA2BE740 /* Check Pods Manifest.lock */ = {
			isa = PBXShellScriptBuildPhase;
			buildActionMask = 2147483647;
			files = (
			);
			inputPaths = (
			);
			name = "Check Pods Manifest.lock";
			outputPaths = (
			);
			runOnlyForDeploymentPostprocessing = 0;
			shellPath = /bin/sh;
			shellScript = "diff \"${PODS_ROOT}/../Podfile.lock\" \"${PODS_ROOT}/Manifest.lock\" > /dev/null\nif [[ $? != 0 ]] ; then\n    cat << EOM\nerror: The sandbox is not in sync with the Podfile.lock. Run 'pod install' or update your CocoaPods installation.\nEOM\n    exit 1\nfi\n";
			showEnvVarsInLog = 0;
		};
		60342513597BB3AE3BF7E963 /* Embed Pods Frameworks */ = {
			isa = PBXShellScriptBuildPhase;
			buildActionMask = 2147483647;
			files = (
			);
			inputPaths = (
			);
			name = "Embed Pods Frameworks";
			outputPaths = (
			);
			runOnlyForDeploymentPostprocessing = 0;
			shellPath = /bin/sh;
			shellScript = "\"${SRCROOT}/Pods/Target Support Files/Pods-JouzuTests/Pods-JouzuTests-frameworks.sh\"\n";
			showEnvVarsInLog = 0;
		};
		8CB51329B33711741098A6ED /* Embed Pods Frameworks */ = {
			isa = PBXShellScriptBuildPhase;
			buildActionMask = 2147483647;
			files = (
			);
			inputPaths = (
			);
			name = "Embed Pods Frameworks";
			outputPaths = (
			);
			runOnlyForDeploymentPostprocessing = 0;
			shellPath = /bin/sh;
			shellScript = "\"${SRCROOT}/Pods/Target Support Files/Pods-Jouzu/Pods-Jouzu-frameworks.sh\"\n";
			showEnvVarsInLog = 0;
		};
		D8C3161A0789A19B80A6DD18 /* Copy Pods Resources */ = {
			isa = PBXShellScriptBuildPhase;
			buildActionMask = 2147483647;
			files = (
			);
			inputPaths = (
			);
			name = "Copy Pods Resources";
			outputPaths = (
			);
			runOnlyForDeploymentPostprocessing = 0;
			shellPath = /bin/sh;
			shellScript = "\"${SRCROOT}/Pods/Target Support Files/Pods-Jouzu/Pods-Jouzu-resources.sh\"\n";
			showEnvVarsInLog = 0;
		};
		E5EB8F387C84D78FD0E0D0E2 /* Check Pods Manifest.lock */ = {
			isa = PBXShellScriptBuildPhase;
			buildActionMask = 2147483647;
			files = (
			);
			inputPaths = (
			);
			name = "Check Pods Manifest.lock";
			outputPaths = (
			);
			runOnlyForDeploymentPostprocessing = 0;
			shellPath = /bin/sh;
			shellScript = "diff \"${PODS_ROOT}/../Podfile.lock\" \"${PODS_ROOT}/Manifest.lock\" > /dev/null\nif [[ $? != 0 ]] ; then\n    cat << EOM\nerror: The sandbox is not in sync with the Podfile.lock. Run 'pod install' or update your CocoaPods installation.\nEOM\n    exit 1\nfi\n";
			showEnvVarsInLog = 0;
		};
		F7C096BAAD50060A4295EFE0 /* Copy Pods Resources */ = {
			isa = PBXShellScriptBuildPhase;
			buildActionMask = 2147483647;
			files = (
			);
			inputPaths = (
			);
			name = "Copy Pods Resources";
			outputPaths = (
			);
			runOnlyForDeploymentPostprocessing = 0;
			shellPath = /bin/sh;
			shellScript = "\"${SRCROOT}/Pods/Target Support Files/Pods-JouzuTests/Pods-JouzuTests-resources.sh\"\n";
			showEnvVarsInLog = 0;
		};
/* End PBXShellScriptBuildPhase section */

/* Begin PBXSourcesBuildPhase section */
		8E7FDC561AC73AEA004490C3 /* Sources */ = {
			isa = PBXSourcesBuildPhase;
			buildActionMask = 2147483647;
			files = (
				8E7FDC821AC73B14004490C3 /* FlashCardModel.swift in Sources */,
				8E59157B1ACDE55B0056BB20 /* FlashCardDatabaseManager.swift in Sources */,
				8E7FDC621AC73AEA004490C3 /* ViewController.swift in Sources */,
				8E7FDC601AC73AEA004490C3 /* AppDelegate.swift in Sources */,
				8E4670C31AC9184600DD1E5F /* FlashCardGameModel.swift in Sources */,
				8E2A36251AC74DBF002220C0 /* FlashCardDeckModel.swift in Sources */,
			);
			runOnlyForDeploymentPostprocessing = 0;
		};
		8E7FDC6B1AC73AEA004490C3 /* Sources */ = {
			isa = PBXSourcesBuildPhase;
			buildActionMask = 2147483647;
			files = (
				8E2A36271AC74EB3002220C0 /* FlashCardModelTests.swift in Sources */,
				8E7FDC761AC73AEA004490C3 /* JouzuTests.swift in Sources */,
				8E4670C51AC91ABF00DD1E5F /* FlashCardGameModelTests.swift in Sources */,
			);
			runOnlyForDeploymentPostprocessing = 0;
		};
/* End PBXSourcesBuildPhase section */

/* Begin PBXTargetDependency section */
		8E7FDC711AC73AEA004490C3 /* PBXTargetDependency */ = {
			isa = PBXTargetDependency;
			target = 8E7FDC591AC73AEA004490C3 /* Jouzu */;
			targetProxy = 8E7FDC701AC73AEA004490C3 /* PBXContainerItemProxy */;
		};
/* End PBXTargetDependency section */

/* Begin PBXVariantGroup section */
		8E7FDC631AC73AEA004490C3 /* Main.storyboard */ = {
			isa = PBXVariantGroup;
			children = (
				8E7FDC641AC73AEA004490C3 /* Base */,
			);
			name = Main.storyboard;
			sourceTree = "<group>";
		};
		8E7FDC681AC73AEA004490C3 /* LaunchScreen.xib */ = {
			isa = PBXVariantGroup;
			children = (
				8E7FDC691AC73AEA004490C3 /* Base */,
			);
			name = LaunchScreen.xib;
			sourceTree = "<group>";
		};
/* End PBXVariantGroup section */

/* Begin XCBuildConfiguration section */
		8E7FDC771AC73AEA004490C3 /* Debug */ = {
			isa = XCBuildConfiguration;
			buildSettings = {
				ALWAYS_SEARCH_USER_PATHS = YES;
				CLANG_CXX_LANGUAGE_STANDARD = "gnu++0x";
				CLANG_CXX_LIBRARY = "libc++";
				CLANG_ENABLE_MODULES = YES;
				CLANG_ENABLE_OBJC_ARC = YES;
				CLANG_WARN_BOOL_CONVERSION = YES;
				CLANG_WARN_CONSTANT_CONVERSION = YES;
				CLANG_WARN_DIRECT_OBJC_ISA_USAGE = YES_ERROR;
				CLANG_WARN_EMPTY_BODY = YES;
				CLANG_WARN_ENUM_CONVERSION = YES;
				CLANG_WARN_INT_CONVERSION = YES;
				CLANG_WARN_OBJC_ROOT_CLASS = YES_ERROR;
				CLANG_WARN_UNREACHABLE_CODE = YES;
				CLANG_WARN__DUPLICATE_METHOD_MATCH = YES;
				"CODE_SIGN_IDENTITY[sdk=iphoneos*]" = "iPhone Developer";
				COPY_PHASE_STRIP = NO;
				ENABLE_STRICT_OBJC_MSGSEND = YES;
				GCC_C_LANGUAGE_STANDARD = gnu99;
				GCC_DYNAMIC_NO_PIC = NO;
				GCC_OPTIMIZATION_LEVEL = 0;
				GCC_PREPROCESSOR_DEFINITIONS = (
					"DEBUG=1",
					"$(inherited)",
				);
				GCC_SYMBOLS_PRIVATE_EXTERN = NO;
				GCC_WARN_64_TO_32_BIT_CONVERSION = YES;
				GCC_WARN_ABOUT_RETURN_TYPE = YES_ERROR;
				GCC_WARN_UNDECLARED_SELECTOR = YES;
				GCC_WARN_UNINITIALIZED_AUTOS = YES_AGGRESSIVE;
				GCC_WARN_UNUSED_FUNCTION = YES;
				GCC_WARN_UNUSED_VARIABLE = YES;
				IPHONEOS_DEPLOYMENT_TARGET = 8.0;
				MTL_ENABLE_DEBUG_INFO = YES;
				ONLY_ACTIVE_ARCH = YES;
				SDKROOT = iphoneos;
				SWIFT_OBJC_BRIDGING_HEADER = "";
				SWIFT_OPTIMIZATION_LEVEL = "-Onone";
				USER_HEADER_SEARCH_PATHS = "Pods/**";
			};
			name = Debug;
		};
		8E7FDC781AC73AEA004490C3 /* Release */ = {
			isa = XCBuildConfiguration;
			buildSettings = {
				ALWAYS_SEARCH_USER_PATHS = YES;
				CLANG_CXX_LANGUAGE_STANDARD = "gnu++0x";
				CLANG_CXX_LIBRARY = "libc++";
				CLANG_ENABLE_MODULES = YES;
				CLANG_ENABLE_OBJC_ARC = YES;
				CLANG_WARN_BOOL_CONVERSION = YES;
				CLANG_WARN_CONSTANT_CONVERSION = YES;
				CLANG_WARN_DIRECT_OBJC_ISA_USAGE = YES_ERROR;
				CLANG_WARN_EMPTY_BODY = YES;
				CLANG_WARN_ENUM_CONVERSION = YES;
				CLANG_WARN_INT_CONVERSION = YES;
				CLANG_WARN_OBJC_ROOT_CLASS = YES_ERROR;
				CLANG_WARN_UNREACHABLE_CODE = YES;
				CLANG_WARN__DUPLICATE_METHOD_MATCH = YES;
				"CODE_SIGN_IDENTITY[sdk=iphoneos*]" = "iPhone Developer";
				COPY_PHASE_STRIP = NO;
				ENABLE_NS_ASSERTIONS = NO;
				ENABLE_STRICT_OBJC_MSGSEND = YES;
				GCC_C_LANGUAGE_STANDARD = gnu99;
				GCC_WARN_64_TO_32_BIT_CONVERSION = YES;
				GCC_WARN_ABOUT_RETURN_TYPE = YES_ERROR;
				GCC_WARN_UNDECLARED_SELECTOR = YES;
				GCC_WARN_UNINITIALIZED_AUTOS = YES_AGGRESSIVE;
				GCC_WARN_UNUSED_FUNCTION = YES;
				GCC_WARN_UNUSED_VARIABLE = YES;
				IPHONEOS_DEPLOYMENT_TARGET = 8.0;
				MTL_ENABLE_DEBUG_INFO = NO;
				SDKROOT = iphoneos;
				SWIFT_OBJC_BRIDGING_HEADER = "";
				USER_HEADER_SEARCH_PATHS = "Pods/**";
				VALIDATE_PRODUCT = YES;
			};
			name = Release;
		};
		8E7FDC7A1AC73AEA004490C3 /* Debug */ = {
			isa = XCBuildConfiguration;
			baseConfigurationReference = 81A78FE42522ECF16EBE12CF /* Pods-Jouzu.debug.xcconfig */;
			buildSettings = {
				ASSETCATALOG_COMPILER_APPICON_NAME = AppIcon;
				CLANG_ALLOW_NON_MODULAR_INCLUDES_IN_FRAMEWORK_MODULES = YES;
				DEFINES_MODULE = YES;
				INFOPLIST_FILE = Jouzu/Info.plist;
				LD_RUNPATH_SEARCH_PATHS = "$(inherited) @executable_path/Frameworks";
				PRODUCT_NAME = "$(TARGET_NAME)";
				SWIFT_INSTALL_OBJC_HEADER = YES;
				SWIFT_OBJC_BRIDGING_HEADER = "Jouzu-Bridging-Header.h";
			};
			name = Debug;
		};
		8E7FDC7B1AC73AEA004490C3 /* Release */ = {
			isa = XCBuildConfiguration;
			baseConfigurationReference = C8590EFC719BB53AD01D5B17 /* Pods-Jouzu.release.xcconfig */;
			buildSettings = {
				ASSETCATALOG_COMPILER_APPICON_NAME = AppIcon;
				CLANG_ALLOW_NON_MODULAR_INCLUDES_IN_FRAMEWORK_MODULES = YES;
				DEFINES_MODULE = YES;
				INFOPLIST_FILE = Jouzu/Info.plist;
				LD_RUNPATH_SEARCH_PATHS = "$(inherited) @executable_path/Frameworks";
				PRODUCT_NAME = "$(TARGET_NAME)";
				SWIFT_INSTALL_OBJC_HEADER = YES;
				SWIFT_OBJC_BRIDGING_HEADER = "Jouzu-Bridging-Header.h";
			};
			name = Release;
		};
		8E7FDC7D1AC73AEA004490C3 /* Debug */ = {
			isa = XCBuildConfiguration;
			baseConfigurationReference = 12780E16F3718B3D46E9ED97 /* Pods-JouzuTests.debug.xcconfig */;
			buildSettings = {
				BUNDLE_LOADER = "$(TEST_HOST)";
				FRAMEWORK_SEARCH_PATHS = (
					"$(SDKROOT)/Developer/Library/Frameworks",
					"$(inherited)",
				);
				GCC_PREPROCESSOR_DEFINITIONS = (
					"DEBUG=1",
					"$(inherited)",
				);
				INFOPLIST_FILE = JouzuTests/Info.plist;
				LD_RUNPATH_SEARCH_PATHS = "$(inherited) @executable_path/Frameworks @loader_path/Frameworks";
				PRODUCT_NAME = "$(TARGET_NAME)";
				SWIFT_OBJC_BRIDGING_HEADER = "";
				TEST_HOST = "$(BUILT_PRODUCTS_DIR)/Jouzu.app/Jouzu";
			};
			name = Debug;
		};
		8E7FDC7E1AC73AEA004490C3 /* Release */ = {
			isa = XCBuildConfiguration;
			baseConfigurationReference = 31613AD553D9164679348F7F /* Pods-JouzuTests.release.xcconfig */;
			buildSettings = {
				BUNDLE_LOADER = "$(TEST_HOST)";
				FRAMEWORK_SEARCH_PATHS = (
					"$(SDKROOT)/Developer/Library/Frameworks",
					"$(inherited)",
				);
				INFOPLIST_FILE = JouzuTests/Info.plist;
				LD_RUNPATH_SEARCH_PATHS = "$(inherited) @executable_path/Frameworks @loader_path/Frameworks";
				PRODUCT_NAME = "$(TARGET_NAME)";
				SWIFT_OBJC_BRIDGING_HEADER = "";
				TEST_HOST = "$(BUILT_PRODUCTS_DIR)/Jouzu.app/Jouzu";
			};
			name = Release;
		};
/* End XCBuildConfiguration section */

/* Begin XCConfigurationList section */
		8E7FDC551AC73AEA004490C3 /* Build configuration list for PBXProject "Jouzu" */ = {
			isa = XCConfigurationList;
			buildConfigurations = (
				8E7FDC771AC73AEA004490C3 /* Debug */,
				8E7FDC781AC73AEA004490C3 /* Release */,
			);
			defaultConfigurationIsVisible = 0;
			defaultConfigurationName = Release;
		};
		8E7FDC791AC73AEA004490C3 /* Build configuration list for PBXNativeTarget "Jouzu" */ = {
			isa = XCConfigurationList;
			buildConfigurations = (
				8E7FDC7A1AC73AEA004490C3 /* Debug */,
				8E7FDC7B1AC73AEA004490C3 /* Release */,
			);
			defaultConfigurationIsVisible = 0;
			defaultConfigurationName = Release;
		};
		8E7FDC7C1AC73AEA004490C3 /* Build configuration list for PBXNativeTarget "JouzuTests" */ = {
			isa = XCConfigurationList;
			buildConfigurations = (
				8E7FDC7D1AC73AEA004490C3 /* Debug */,
				8E7FDC7E1AC73AEA004490C3 /* Release */,
			);
			defaultConfigurationIsVisible = 0;
			defaultConfigurationName = Release;
		};
/* End XCConfigurationList section */
	};
	rootObject = 8E7FDC521AC73AEA004490C3 /* Project object */;
}
